// !$*UTF8*$!
{
	archiveVersion = 1;
	classes = {
	};
	objectVersion = 55;
	objects = {

/* Begin PBXBuildFile section */
		B2CDB33D288D946300EBBC36 /* Countries.swift in Sources */ = {isa = PBXBuildFile; fileRef = B2CDB33C288D946300EBBC36 /* Countries.swift */; };
		B2F99002288BF8A600DD03DE /* AppDelegate.swift in Sources */ = {isa = PBXBuildFile; fileRef = B2F99001288BF8A600DD03DE /* AppDelegate.swift */; };
		B2F99004288BF8A600DD03DE /* SceneDelegate.swift in Sources */ = {isa = PBXBuildFile; fileRef = B2F99003288BF8A600DD03DE /* SceneDelegate.swift */; };
		B2F99006288BF8A600DD03DE /* CollectionVC.swift in Sources */ = {isa = PBXBuildFile; fileRef = B2F99005288BF8A600DD03DE /* CollectionVC.swift */; };
		B2F99009288BF8A600DD03DE /* Main.storyboard in Resources */ = {isa = PBXBuildFile; fileRef = B2F99007288BF8A600DD03DE /* Main.storyboard */; };
		B2F9900B288BF8A800DD03DE /* Assets.xcassets in Resources */ = {isa = PBXBuildFile; fileRef = B2F9900A288BF8A800DD03DE /* Assets.xcassets */; };
		B2F9900E288BF8A800DD03DE /* LaunchScreen.storyboard in Resources */ = {isa = PBXBuildFile; fileRef = B2F9900C288BF8A800DD03DE /* LaunchScreen.storyboard */; };
		B2F99016288BFA1000DD03DE /* Cellvc.swift in Sources */ = {isa = PBXBuildFile; fileRef = B2F99015288BFA0F00DD03DE /* Cellvc.swift */; };
		B2F99018288BFC3F00DD03DE /* DetailsVC.swift in Sources */ = {isa = PBXBuildFile; fileRef = B2F99017288BFC3F00DD03DE /* DetailsVC.swift */; };
		B2F9901A288C0C6300DD03DE /* Country.swift in Sources */ = {isa = PBXBuildFile; fileRef = B2F99019288C0C6300DD03DE /* Country.swift */; };
/* End PBXBuildFile section */

/* Begin PBXFileReference section */
		B2CDB33C288D946300EBBC36 /* Countries.swift */ = {isa = PBXFileReference; lastKnownFileType = sourcecode.swift; path = Countries.swift; sourceTree = "<group>"; };
		B2F98FFE288BF8A600DD03DE /* MilestoneProjects13-15.app */ = {isa = PBXFileReference; explicitFileType = wrapper.application; includeInIndex = 0; path = "MilestoneProjects13-15.app"; sourceTree = BUILT_PRODUCTS_DIR; };
		B2F99001288BF8A600DD03DE /* AppDelegate.swift */ = {isa = PBXFileReference; lastKnownFileType = sourcecode.swift; path = AppDelegate.swift; sourceTree = "<group>"; };
		B2F99003288BF8A600DD03DE /* SceneDelegate.swift */ = {isa = PBXFileReference; lastKnownFileType = sourcecode.swift; path = SceneDelegate.swift; sourceTree = "<group>"; };
		B2F99005288BF8A600DD03DE /* CollectionVC.swift */ = {isa = PBXFileReference; lastKnownFileType = sourcecode.swift; path = CollectionVC.swift; sourceTree = "<group>"; };
		B2F99008288BF8A600DD03DE /* Base */ = {isa = PBXFileReference; lastKnownFileType = file.storyboard; name = Base; path = Base.lproj/Main.storyboard; sourceTree = "<group>"; };
		B2F9900A288BF8A800DD03DE /* Assets.xcassets */ = {isa = PBXFileReference; lastKnownFileType = folder.assetcatalog; path = Assets.xcassets; sourceTree = "<group>"; };
		B2F9900D288BF8A800DD03DE /* Base */ = {isa = PBXFileReference; lastKnownFileType = file.storyboard; name = Base; path = Base.lproj/LaunchScreen.storyboard; sourceTree = "<group>"; };
		B2F9900F288BF8A800DD03DE /* Info.plist */ = {isa = PBXFileReference; lastKnownFileType = text.plist.xml; path = Info.plist; sourceTree = "<group>"; };
		B2F99015288BFA0F00DD03DE /* Cellvc.swift */ = {isa = PBXFileReference; lastKnownFileType = sourcecode.swift; path = Cellvc.swift; sourceTree = "<group>"; };
		B2F99017288BFC3F00DD03DE /* DetailsVC.swift */ = {isa = PBXFileReference; lastKnownFileType = sourcecode.swift; path = DetailsVC.swift; sourceTree = "<group>"; };
		B2F99019288C0C6300DD03DE /* Country.swift */ = {isa = PBXFileReference; lastKnownFileType = sourcecode.swift; path = Country.swift; sourceTree = "<group>"; };
/* End PBXFileReference section */

/* Begin PBXFrameworksBuildPhase section */
		B2F98FFB288BF8A600DD03DE /* Frameworks */ = {
			isa = PBXFrameworksBuildPhase;
			buildActionMask = 2147483647;
			files = (
			);
			runOnlyForDeploymentPostprocessing = 0;
		};
/* End PBXFrameworksBuildPhase section */

/* Begin PBXGroup section */
		B2F98FF5288BF8A500DD03DE = {
			isa = PBXGroup;
			children = (
				B2F99000288BF8A600DD03DE /* MilestoneProjects13-15 */,
				B2F98FFF288BF8A600DD03DE /* Products */,
			);
			sourceTree = "<group>";
		};
		B2F98FFF288BF8A600DD03DE /* Products */ = {
			isa = PBXGroup;
			children = (
				B2F98FFE288BF8A600DD03DE /* MilestoneProjects13-15.app */,
			);
			name = Products;
			sourceTree = "<group>";
		};
		B2F99000288BF8A600DD03DE /* MilestoneProjects13-15 */ = {
			isa = PBXGroup;
			children = (
				B2F99001288BF8A600DD03DE /* AppDelegate.swift */,
				B2F99003288BF8A600DD03DE /* SceneDelegate.swift */,
				B2F99005288BF8A600DD03DE /* CollectionVC.swift */,
				B2F99017288BFC3F00DD03DE /* DetailsVC.swift */,
				B2F99015288BFA0F00DD03DE /* Cellvc.swift */,
				B2F99019288C0C6300DD03DE /* Country.swift */,
				B2CDB33C288D946300EBBC36 /* Countries.swift */,
				B2F99007288BF8A600DD03DE /* Main.storyboard */,
				B2F9900A288BF8A800DD03DE /* Assets.xcassets */,
				B2F9900C288BF8A800DD03DE /* LaunchScreen.storyboard */,
				B2F9900F288BF8A800DD03DE /* Info.plist */,
			);
			path = "MilestoneProjects13-15";
			sourceTree = "<group>";
		};
/* End PBXGroup section */

/* Begin PBXNativeTarget section */
		B2F98FFD288BF8A600DD03DE /* MilestoneProjects13-15 */ = {
			isa = PBXNativeTarget;
			buildConfigurationList = B2F99012288BF8A800DD03DE /* Build configuration list for PBXNativeTarget "MilestoneProjects13-15" */;
			buildPhases = (
				B2F98FFA288BF8A600DD03DE /* Sources */,
				B2F98FFB288BF8A600DD03DE /* Frameworks */,
				B2F98FFC288BF8A600DD03DE /* Resources */,
			);
			buildRules = (
			);
			dependencies = (
			);
			name = "MilestoneProjects13-15";
			productName = "MilestoneProjects13-15";
			productReference = B2F98FFE288BF8A600DD03DE /* MilestoneProjects13-15.app */;
			productType = "com.apple.product-type.application";
		};
/* End PBXNativeTarget section */

/* Begin PBXProject section */
		B2F98FF6288BF8A500DD03DE /* Project object */ = {
			isa = PBXProject;
			attributes = {
				BuildIndependentTargetsInParallel = 1;
				LastSwiftUpdateCheck = 1340;
				LastUpgradeCheck = 1340;
				TargetAttributes = {
					B2F98FFD288BF8A600DD03DE = {
						CreatedOnToolsVersion = 13.4.1;
					};
				};
			};
			buildConfigurationList = B2F98FF9288BF8A500DD03DE /* Build configuration list for PBXProject "MilestoneProjects13-15" */;
			compatibilityVersion = "Xcode 13.0";
			developmentRegion = en;
			hasScannedForEncodings = 0;
			knownRegions = (
				en,
				Base,
			);
			mainGroup = B2F98FF5288BF8A500DD03DE;
			productRefGroup = B2F98FFF288BF8A600DD03DE /* Products */;
			projectDirPath = "";
			projectRoot = "";
			targets = (
				B2F98FFD288BF8A600DD03DE /* MilestoneProjects13-15 */,
			);
		};
/* End PBXProject section */

/* Begin PBXResourcesBuildPhase section */
		B2F98FFC288BF8A600DD03DE /* Resources */ = {
			isa = PBXResourcesBuildPhase;
			buildActionMask = 2147483647;
			files = (
				B2F9900E288BF8A800DD03DE /* LaunchScreen.storyboard in Resources */,
				B2F9900B288BF8A800DD03DE /* Assets.xcassets in Resources */,
				B2F99009288BF8A600DD03DE /* Main.storyboard in Resources */,
			);
			runOnlyForDeploymentPostprocessing = 0;
		};
/* End PBXResourcesBuildPhase section */

/* Begin PBXSourcesBuildPhase section */
		B2F98FFA288BF8A600DD03DE /* Sources */ = {
			isa = PBXSourcesBuildPhase;
			buildActionMask = 2147483647;
			files = (
				B2F99016288BFA1000DD03DE /* Cellvc.swift in Sources */,
				B2F99006288BF8A600DD03DE /* CollectionVC.swift in Sources */,
				B2F99002288BF8A600DD03DE /* AppDelegate.swift in Sources */,
				B2F99004288BF8A600DD03DE /* SceneDelegate.swift in Sources */,
				B2F9901A288C0C6300DD03DE /* Country.swift in Sources */,
				B2CDB33D288D946300EBBC36 /* Countries.swift in Sources */,
				B2F99018288BFC3F00DD03DE /* DetailsVC.swift in Sources */,
			);
			runOnlyForDeploymentPostprocessing = 0;
		};
/* End PBXSourcesBuildPhase section */

/* Begin PBXVariantGroup section */
		B2F99007288BF8A600DD03DE /* Main.storyboard */ = {
			isa = PBXVariantGroup;
			children = (
				B2F99008288BF8A600DD03DE /* Base */,
			);
			name = Main.storyboard;
			sourceTree = "<group>";
		};
		B2F9900C288BF8A800DD03DE /* LaunchScreen.storyboard */ = {
			isa = PBXVariantGroup;
			children = (
				B2F9900D288BF8A800DD03DE /* Base */,
			);
			name = LaunchScreen.storyboard;
			sourceTree = "<group>";
		};
/* End PBXVariantGroup section */

/* Begin XCBuildConfiguration section */
		B2F99010288BF8A800DD03DE /* Debug */ = {
			isa = XCBuildConfiguration;
			buildSettings = {
				ALWAYS_SEARCH_USER_PATHS = NO;
				CLANG_ANALYZER_NONNULL = YES;
				CLANG_ANALYZER_NUMBER_OBJECT_CONVERSION = YES_AGGRESSIVE;
				CLANG_CXX_LANGUAGE_STANDARD = "gnu++17";
				CLANG_ENABLE_MODULES = YES;
				CLANG_ENABLE_OBJC_ARC = YES;
				CLANG_ENABLE_OBJC_WEAK = YES;
				CLANG_WARN_BLOCK_CAPTURE_AUTORELEASING = YES;
				CLANG_WARN_BOOL_CONVERSION = YES;
				CLANG_WARN_COMMA = YES;
				CLANG_WARN_CONSTANT_CONVERSION = YES;
				CLANG_WARN_DEPRECATED_OBJC_IMPLEMENTATIONS = YES;
				CLANG_WARN_DIRECT_OBJC_ISA_USAGE = YES_ERROR;
				CLANG_WARN_DOCUMENTATION_COMMENTS = YES;
				CLANG_WARN_EMPTY_BODY = YES;
				CLANG_WARN_ENUM_CONVERSION = YES;
				CLANG_WARN_INFINITE_RECURSION = YES;
				CLANG_WARN_INT_CONVERSION = YES;
				CLANG_WARN_NON_LITERAL_NULL_CONVERSION = YES;
				CLANG_WARN_OBJC_IMPLICIT_RETAIN_SELF = YES;
				CLANG_WARN_OBJC_LITERAL_CONVERSION = YES;
				CLANG_WARN_OBJC_ROOT_CLASS = YES_ERROR;
				CLANG_WARN_QUOTED_INCLUDE_IN_FRAMEWORK_HEADER = YES;
				CLANG_WARN_RANGE_LOOP_ANALYSIS = YES;
				CLANG_WARN_STRICT_PROTOTYPES = YES;
				CLANG_WARN_SUSPICIOUS_MOVE = YES;
				CLANG_WARN_UNGUARDED_AVAILABILITY = YES_AGGRESSIVE;
				CLANG_WARN_UNREACHABLE_CODE = YES;
				CLANG_WARN__DUPLICATE_METHOD_MATCH = YES;
				COPY_PHASE_STRIP = NO;
				DEBUG_INFORMATION_FORMAT = dwarf;
				ENABLE_STRICT_OBJC_MSGSEND = YES;
				ENABLE_TESTABILITY = YES;
				GCC_C_LANGUAGE_STANDARD = gnu11;
				GCC_DYNAMIC_NO_PIC = NO;
				GCC_NO_COMMON_BLOCKS = YES;
				GCC_OPTIMIZATION_LEVEL = 0;
				GCC_PREPROCESSOR_DEFINITIONS = (
					"DEBUG=1",
					"$(inherited)",
				);
				GCC_WARN_64_TO_32_BIT_CONVERSION = YES;
				GCC_WARN_ABOUT_RETURN_TYPE = YES_ERROR;
				GCC_WARN_UNDECLARED_SELECTOR = YES;
				GCC_WARN_UNINITIALIZED_AUTOS = YES_AGGRESSIVE;
				GCC_WARN_UNUSED_FUNCTION = YES;
				GCC_WARN_UNUSED_VARIABLE = YES;
				IPHONEOS_DEPLOYMENT_TARGET = 15.5;
				MTL_ENABLE_DEBUG_INFO = INCLUDE_SOURCE;
				MTL_FAST_MATH = YES;
				ONLY_ACTIVE_ARCH = YES;
				SDKROOT = iphoneos;
				SWIFT_ACTIVE_COMPILATION_CONDITIONS = DEBUG;
				SWIFT_OPTIMIZATION_LEVEL = "-Onone";
			};
			name = Debug;
		};
		B2F99011288BF8A800DD03DE /* Release */ = {
			isa = XCBuildConfiguration;
			buildSettings = {
				ALWAYS_SEARCH_USER_PATHS = NO;
				CLANG_ANALYZER_NONNULL = YES;
				CLANG_ANALYZER_NUMBER_OBJECT_CONVERSION = YES_AGGRESSIVE;
				CLANG_CXX_LANGUAGE_STANDARD = "gnu++17";
				CLANG_ENABLE_MODULES = YES;
				CLANG_ENABLE_OBJC_ARC = YES;
				CLANG_ENABLE_OBJC_WEAK = YES;
				CLANG_WARN_BLOCK_CAPTURE_AUTORELEASING = YES;
				CLANG_WARN_BOOL_CONVERSION = YES;
				CLANG_WARN_COMMA = YES;
				CLANG_WARN_CONSTANT_CONVERSION = YES;
				CLANG_WARN_DEPRECATED_OBJC_IMPLEMENTATIONS = YES;
				CLANG_WARN_DIRECT_OBJC_ISA_USAGE = YES_ERROR;
				CLANG_WARN_DOCUMENTATION_COMMENTS = YES;
				CLANG_WARN_EMPTY_BODY = YES;
				CLANG_WARN_ENUM_CONVERSION = YES;
				CLANG_WARN_INFINITE_RECURSION = YES;
				CLANG_WARN_INT_CONVERSION = YES;
				CLANG_WARN_NON_LITERAL_NULL_CONVERSION = YES;
				CLANG_WARN_OBJC_IMPLICIT_RETAIN_SELF = YES;
				CLANG_WARN_OBJC_LITERAL_CONVERSION = YES;
				CLANG_WARN_OBJC_ROOT_CLASS = YES_ERROR;
				CLANG_WARN_QUOTED_INCLUDE_IN_FRAMEWORK_HEADER = YES;
				CLANG_WARN_RANGE_LOOP_ANALYSIS = YES;
				CLANG_WARN_STRICT_PROTOTYPES = YES;
				CLANG_WARN_SUSPICIOUS_MOVE = YES;
				CLANG_WARN_UNGUARDED_AVAILABILITY = YES_AGGRESSIVE;
				CLANG_WARN_UNREACHABLE_CODE = YES;
				CLANG_WARN__DUPLICATE_METHOD_MATCH = YES;
				COPY_PHASE_STRIP = NO;
				DEBUG_INFORMATION_FORMAT = "dwarf-with-dsym";
				ENABLE_NS_ASSERTIONS = NO;
				ENABLE_STRICT_OBJC_MSGSEND = YES;
				GCC_C_LANGUAGE_STANDARD = gnu11;
				GCC_NO_COMMON_BLOCKS = YES;
				GCC_WARN_64_TO_32_BIT_CONVERSION = YES;
				GCC_WARN_ABOUT_RETURN_TYPE = YES_ERROR;
				GCC_WARN_UNDECLARED_SELECTOR = YES;
				GCC_WARN_UNINITIALIZED_AUTOS = YES_AGGRESSIVE;
				GCC_WARN_UNUSED_FUNCTION = YES;
				GCC_WARN_UNUSED_VARIABLE = YES;
				IPHONEOS_DEPLOYMENT_TARGET = 15.5;
				MTL_ENABLE_DEBUG_INFO = NO;
				MTL_FAST_MATH = YES;
				SDKROOT = iphoneos;
				SWIFT_COMPILATION_MODE = wholemodule;
				SWIFT_OPTIMIZATION_LEVEL = "-O";
				VALIDATE_PRODUCT = YES;
			};
			name = Release;
		};
		B2F99013288BF8A800DD03DE /* Debug */ = {
			isa = XCBuildConfiguration;
			buildSettings = {
				ASSETCATALOG_COMPILER_APPICON_NAME = AppIcon;
				ASSETCATALOG_COMPILER_GLOBAL_ACCENT_COLOR_NAME = AccentColor;
				CODE_SIGN_STYLE = Automatic;
				CURRENT_PROJECT_VERSION = 1;
				DEVELOPMENT_TEAM = 44MZ84GM49;
				GENERATE_INFOPLIST_FILE = YES;
				INFOPLIST_FILE = "MilestoneProjects13-15/Info.plist";
				INFOPLIST_KEY_UIApplicationSupportsIndirectInputEvents = YES;
				INFOPLIST_KEY_UILaunchStoryboardName = LaunchScreen;
				INFOPLIST_KEY_UIMainStoryboardFile = Main;
				INFOPLIST_KEY_UISupportedInterfaceOrientations_iPad = "UIInterfaceOrientationPortrait UIInterfaceOrientationPortraitUpsideDown UIInterfaceOrientationLandscapeLeft UIInterfaceOrientationLandscapeRight";
				INFOPLIST_KEY_UISupportedInterfaceOrientations_iPhone = "UIInterfaceOrientationPortrait UIInterfaceOrientationLandscapeLeft UIInterfaceOrientationLandscapeRight";
				LD_RUNPATH_SEARCH_PATHS = (
					"$(inherited)",
					"@executable_path/Frameworks",
				);
				MARKETING_VERSION = 1.0;
				PRODUCT_BUNDLE_IDENTIFIER = "com.mehmetcansimsek.MilestoneProjects13-15";
				PRODUCT_NAME = "$(TARGET_NAME)";
				SWIFT_EMIT_LOC_STRINGS = YES;
				SWIFT_VERSION = 5.0;
				TARGETED_DEVICE_FAMILY = "1,2";
			};
			name = Debug;
		};
		B2F99014288BF8A800DD03DE /* Release */ = {
			isa = XCBuildConfiguration;
			buildSettings = {
				ASSETCATALOG_COMPILER_APPICON_NAME = AppIcon;
				ASSETCATALOG_COMPILER_GLOBAL_ACCENT_COLOR_NAME = AccentColor;
				CODE_SIGN_STYLE = Automatic;
				CURRENT_PROJECT_VERSION = 1;
				DEVELOPMENT_TEAM = 44MZ84GM49;
				GENERATE_INFOPLIST_FILE = YES;
				INFOPLIST_FILE = "MilestoneProjects13-15/Info.plist";
				INFOPLIST_KEY_UIApplicationSupportsIndirectInputEvents = YES;
				INFOPLIST_KEY_UILaunchStoryboardName = LaunchScreen;
				INFOPLIST_KEY_UIMainStoryboardFile = Main;
				INFOPLIST_KEY_UISupportedInterfaceOrientations_iPad = "UIInterfaceOrientationPortrait UIInterfaceOrientationPortraitUpsideDown UIInterfaceOrientationLandscapeLeft UIInterfaceOrientationLandscapeRight";
				INFOPLIST_KEY_UISupportedInterfaceOrientations_iPhone = "UIInterfaceOrientationPortrait UIInterfaceOrientationLandscapeLeft UIInterfaceOrientationLandscapeRight";
				LD_RUNPATH_SEARCH_PATHS = (
					"$(inherited)",
					"@executable_path/Frameworks",
				);
				MARKETING_VERSION = 1.0;
				PRODUCT_BUNDLE_IDENTIFIER = "com.mehmetcansimsek.MilestoneProjects13-15";
				PRODUCT_NAME = "$(TARGET_NAME)";
				SWIFT_EMIT_LOC_STRINGS = YES;
				SWIFT_VERSION = 5.0;
				TARGETED_DEVICE_FAMILY = "1,2";
			};
			name = Release;
		};
/* End XCBuildConfiguration section */

/* Begin XCConfigurationList section */
		B2F98FF9288BF8A500DD03DE /* Build configuration list for PBXProject "MilestoneProjects13-15" */ = {
			isa = XCConfigurationList;
			buildConfigurations = (
				B2F99010288BF8A800DD03DE /* Debug */,
				B2F99011288BF8A800DD03DE /* Release */,
			);
			defaultConfigurationIsVisible = 0;
			defaultConfigurationName = Release;
		};
		B2F99012288BF8A800DD03DE /* Build configuration list for PBXNativeTarget "MilestoneProjects13-15" */ = {
			isa = XCConfigurationList;
			buildConfigurations = (
				B2F99013288BF8A800DD03DE /* Debug */,
				B2F99014288BF8A800DD03DE /* Release */,
			);
			defaultConfigurationIsVisible = 0;
			defaultConfigurationName = Release;
		};
/* End XCConfigurationList section */
	};
	rootObject = B2F98FF6288BF8A500DD03DE /* Project object */;
}
